// !$*UTF8*$!
{
	archiveVersion = 1;
	classes = {
	};
	objectVersion = 56;
	objects = {

/* Begin PBXBuildFile section */
		4D19EB152B8E35660024B532 /* Emoji_ArtApp.swift in Sources */ = {isa = PBXBuildFile; fileRef = 4D19EB142B8E35660024B532 /* Emoji_ArtApp.swift */; };
		4D19EB172B8E35660024B532 /* ContentView.swift in Sources */ = {isa = PBXBuildFile; fileRef = 4D19EB162B8E35660024B532 /* ContentView.swift */; };
		4D19EB192B8E35690024B532 /* Assets.xcassets in Resources */ = {isa = PBXBuildFile; fileRef = 4D19EB182B8E35690024B532 /* Assets.xcassets */; };
		4D19EB1C2B8E35690024B532 /* Preview Assets.xcassets in Resources */ = {isa = PBXBuildFile; fileRef = 4D19EB1B2B8E35690024B532 /* Preview Assets.xcassets */; };
		4D19EB232B8E36470024B532 /* EmojiArt.swift in Sources */ = {isa = PBXBuildFile; fileRef = 4D19EB222B8E36470024B532 /* EmojiArt.swift */; };
		4D19EB252B8E37260024B532 /* EmojiArtDocument.swift in Sources */ = {isa = PBXBuildFile; fileRef = 4D19EB242B8E37260024B532 /* EmojiArtDocument.swift */; };
		4D19EB272B8E38F20024B532 /* EmojiArtDocumentView.swift in Sources */ = {isa = PBXBuildFile; fileRef = 4D19EB262B8E38F20024B532 /* EmojiArtDocumentView.swift */; };
		4D19EB292B8E3BDF0024B532 /* Extensions.swift in Sources */ = {isa = PBXBuildFile; fileRef = 4D19EB282B8E3BDF0024B532 /* Extensions.swift */; };
		4D19EB2B2B9266600024B532 /* Sturldata.swift in Sources */ = {isa = PBXBuildFile; fileRef = 4D19EB2A2B9266600024B532 /* Sturldata.swift */; };
		4D19EB2D2B94FF910024B532 /* Palette.swift in Sources */ = {isa = PBXBuildFile; fileRef = 4D19EB2C2B94FF910024B532 /* Palette.swift */; };
		4D19EB2F2B9500EE0024B532 /* PaletteStore.swift in Sources */ = {isa = PBXBuildFile; fileRef = 4D19EB2E2B9500EE0024B532 /* PaletteStore.swift */; };
		4D19EB312B9504650024B532 /* PaletteChooser.swift in Sources */ = {isa = PBXBuildFile; fileRef = 4D19EB302B9504650024B532 /* PaletteChooser.swift */; };
		4D19EB332B9A352D0024B532 /* PaletteEditor.swift in Sources */ = {isa = PBXBuildFile; fileRef = 4D19EB322B9A352D0024B532 /* PaletteEditor.swift */; };
		4D19EB352B9CD0910024B532 /* PaletteList.swift in Sources */ = {isa = PBXBuildFile; fileRef = 4D19EB342B9CD0910024B532 /* PaletteList.swift */; };
		4D54AF332C7A31AE00DE4036 /* PaletteManager.swift in Sources */ = {isa = PBXBuildFile; fileRef = 4D54AF322C7A31AE00DE4036 /* PaletteManager.swift */; };
/* End PBXBuildFile section */

/* Begin PBXFileReference section */
		4D19EB112B8E35660024B532 /* Emoji Art.app */ = {isa = PBXFileReference; explicitFileType = wrapper.application; includeInIndex = 0; path = "Emoji Art.app"; sourceTree = BUILT_PRODUCTS_DIR; };
		4D19EB142B8E35660024B532 /* Emoji_ArtApp.swift */ = {isa = PBXFileReference; lastKnownFileType = sourcecode.swift; path = Emoji_ArtApp.swift; sourceTree = "<group>"; };
		4D19EB162B8E35660024B532 /* ContentView.swift */ = {isa = PBXFileReference; lastKnownFileType = sourcecode.swift; path = ContentView.swift; sourceTree = "<group>"; };
		4D19EB182B8E35690024B532 /* Assets.xcassets */ = {isa = PBXFileReference; lastKnownFileType = folder.assetcatalog; path = Assets.xcassets; sourceTree = "<group>"; };
		4D19EB1B2B8E35690024B532 /* Preview Assets.xcassets */ = {isa = PBXFileReference; lastKnownFileType = folder.assetcatalog; path = "Preview Assets.xcassets"; sourceTree = "<group>"; };
		4D19EB222B8E36470024B532 /* EmojiArt.swift */ = {isa = PBXFileReference; lastKnownFileType = sourcecode.swift; path = EmojiArt.swift; sourceTree = "<group>"; };
		4D19EB242B8E37260024B532 /* EmojiArtDocument.swift */ = {isa = PBXFileReference; lastKnownFileType = sourcecode.swift; path = EmojiArtDocument.swift; sourceTree = "<group>"; };
		4D19EB262B8E38F20024B532 /* EmojiArtDocumentView.swift */ = {isa = PBXFileReference; lastKnownFileType = sourcecode.swift; path = EmojiArtDocumentView.swift; sourceTree = "<group>"; };
		4D19EB282B8E3BDF0024B532 /* Extensions.swift */ = {isa = PBXFileReference; lastKnownFileType = sourcecode.swift; path = Extensions.swift; sourceTree = "<group>"; };
		4D19EB2A2B9266600024B532 /* Sturldata.swift */ = {isa = PBXFileReference; lastKnownFileType = sourcecode.swift; path = Sturldata.swift; sourceTree = "<group>"; };
		4D19EB2C2B94FF910024B532 /* Palette.swift */ = {isa = PBXFileReference; lastKnownFileType = sourcecode.swift; path = Palette.swift; sourceTree = SOURCE_ROOT; };
		4D19EB2E2B9500EE0024B532 /* PaletteStore.swift */ = {isa = PBXFileReference; lastKnownFileType = sourcecode.swift; path = PaletteStore.swift; sourceTree = "<group>"; };
		4D19EB302B9504650024B532 /* PaletteChooser.swift */ = {isa = PBXFileReference; lastKnownFileType = sourcecode.swift; path = PaletteChooser.swift; sourceTree = "<group>"; };
		4D19EB322B9A352D0024B532 /* PaletteEditor.swift */ = {isa = PBXFileReference; lastKnownFileType = sourcecode.swift; path = PaletteEditor.swift; sourceTree = SOURCE_ROOT; };
		4D19EB342B9CD0910024B532 /* PaletteList.swift */ = {isa = PBXFileReference; lastKnownFileType = sourcecode.swift; path = PaletteList.swift; sourceTree = SOURCE_ROOT; };
		4D54AF322C7A31AE00DE4036 /* PaletteManager.swift */ = {isa = PBXFileReference; lastKnownFileType = sourcecode.swift; path = PaletteManager.swift; sourceTree = "<group>"; };
/* End PBXFileReference section */

/* Begin PBXFrameworksBuildPhase section */
		4D19EB0E2B8E35660024B532 /* Frameworks */ = {
			isa = PBXFrameworksBuildPhase;
			buildActionMask = 2147483647;
			files = (
			);
			runOnlyForDeploymentPostprocessing = 0;
		};
/* End PBXFrameworksBuildPhase section */

/* Begin PBXGroup section */
		4D19EB082B8E35660024B532 = {
			isa = PBXGroup;
			children = (
				4D19EB132B8E35660024B532 /* Emoji Art */,
				4D19EB122B8E35660024B532 /* Products */,
			);
			sourceTree = "<group>";
		};
		4D19EB122B8E35660024B532 /* Products */ = {
			isa = PBXGroup;
			children = (
				4D19EB112B8E35660024B532 /* Emoji Art.app */,
			);
			name = Products;
			sourceTree = "<group>";
		};
		4D19EB132B8E35660024B532 /* Emoji Art */ = {
			isa = PBXGroup;
			children = (
				4D19EB342B9CD0910024B532 /* PaletteList.swift */,
				4D19EB322B9A352D0024B532 /* PaletteEditor.swift */,
				4D19EB142B8E35660024B532 /* Emoji_ArtApp.swift */,
				4D54AF322C7A31AE00DE4036 /* PaletteManager.swift */,
				4D19EB162B8E35660024B532 /* ContentView.swift */,
				4D19EB222B8E36470024B532 /* EmojiArt.swift */,
				4D19EB242B8E37260024B532 /* EmojiArtDocument.swift */,
				4D19EB282B8E3BDF0024B532 /* Extensions.swift */,
				4D19EB302B9504650024B532 /* PaletteChooser.swift */,
				4D19EB262B8E38F20024B532 /* EmojiArtDocumentView.swift */,
				4D19EB2C2B94FF910024B532 /* Palette.swift */,
				4D19EB2E2B9500EE0024B532 /* PaletteStore.swift */,
				4D19EB2A2B9266600024B532 /* Sturldata.swift */,
				4D19EB182B8E35690024B532 /* Assets.xcassets */,
				4D19EB1A2B8E35690024B532 /* Preview Content */,
			);
			path = "Emoji Art";
			sourceTree = "<group>";
		};
		4D19EB1A2B8E35690024B532 /* Preview Content */ = {
			isa = PBXGroup;
			children = (
				4D19EB1B2B8E35690024B532 /* Preview Assets.xcassets */,
			);
			path = "Preview Content";
			sourceTree = "<group>";
		};
/* End PBXGroup section */

/* Begin PBXNativeTarget section */
		4D19EB102B8E35660024B532 /* Emoji Art */ = {
			isa = PBXNativeTarget;
			buildConfigurationList = 4D19EB1F2B8E35690024B532 /* Build configuration list for PBXNativeTarget "Emoji Art" */;
			buildPhases = (
				4D19EB0D2B8E35660024B532 /* Sources */,
				4D19EB0E2B8E35660024B532 /* Frameworks */,
				4D19EB0F2B8E35660024B532 /* Resources */,
			);
			buildRules = (
			);
			dependencies = (
			);
			name = "Emoji Art";
			productName = "Emoji Art";
			productReference = 4D19EB112B8E35660024B532 /* Emoji Art.app */;
			productType = "com.apple.product-type.application";
		};
/* End PBXNativeTarget section */

/* Begin PBXProject section */
		4D19EB092B8E35660024B532 /* Project object */ = {
			isa = PBXProject;
			attributes = {
				BuildIndependentTargetsInParallel = 1;
				LastSwiftUpdateCheck = 1520;
				LastUpgradeCheck = 1520;
				TargetAttributes = {
					4D19EB102B8E35660024B532 = {
						CreatedOnToolsVersion = 15.2;
					};
				};
			};
			buildConfigurationList = 4D19EB0C2B8E35660024B532 /* Build configuration list for PBXProject "Emoji Art" */;
			compatibilityVersion = "Xcode 14.0";
			developmentRegion = en;
			hasScannedForEncodings = 0;
			knownRegions = (
				en,
				Base,
			);
			mainGroup = 4D19EB082B8E35660024B532;
			productRefGroup = 4D19EB122B8E35660024B532 /* Products */;
			projectDirPath = "";
			projectRoot = "";
			targets = (
				4D19EB102B8E35660024B532 /* Emoji Art */,
			);
		};
/* End PBXProject section */

/* Begin PBXResourcesBuildPhase section */
		4D19EB0F2B8E35660024B532 /* Resources */ = {
			isa = PBXResourcesBuildPhase;
			buildActionMask = 2147483647;
			files = (
				4D19EB1C2B8E35690024B532 /* Preview Assets.xcassets in Resources */,
				4D19EB192B8E35690024B532 /* Assets.xcassets in Resources */,
			);
			runOnlyForDeploymentPostprocessing = 0;
		};
/* End PBXResourcesBuildPhase section */

/* Begin PBXSourcesBuildPhase section */
		4D19EB0D2B8E35660024B532 /* Sources */ = {
			isa = PBXSourcesBuildPhase;
			buildActionMask = 2147483647;
			files = (
				4D54AF332C7A31AE00DE4036 /* PaletteManager.swift in Sources */,
				4D19EB2B2B9266600024B532 /* Sturldata.swift in Sources */,
				4D19EB272B8E38F20024B532 /* EmojiArtDocumentView.swift in Sources */,
				4D19EB292B8E3BDF0024B532 /* Extensions.swift in Sources */,
				4D19EB352B9CD0910024B532 /* PaletteList.swift in Sources */,
				4D19EB232B8E36470024B532 /* EmojiArt.swift in Sources */,
				4D19EB2F2B9500EE0024B532 /* PaletteStore.swift in Sources */,
				4D19EB172B8E35660024B532 /* ContentView.swift in Sources */,
				4D19EB332B9A352D0024B532 /* PaletteEditor.swift in Sources */,
				4D19EB152B8E35660024B532 /* Emoji_ArtApp.swift in Sources */,
				4D19EB252B8E37260024B532 /* EmojiArtDocument.swift in Sources */,
				4D19EB2D2B94FF910024B532 /* Palette.swift in Sources */,
				4D19EB312B9504650024B532 /* PaletteChooser.swift in Sources */,
			);
			runOnlyForDeploymentPostprocessing = 0;
		};
/* End PBXSourcesBuildPhase section */

/* Begin XCBuildConfiguration section */
		4D19EB1D2B8E35690024B532 /* Debug */ = {
			isa = XCBuildConfiguration;
			buildSettings = {
				ALWAYS_SEARCH_USER_PATHS = NO;
				ASSETCATALOG_COMPILER_GENERATE_SWIFT_ASSET_SYMBOL_EXTENSIONS = YES;
				CLANG_ANALYZER_NONNULL = YES;
				CLANG_ANALYZER_NUMBER_OBJECT_CONVERSION = YES_AGGRESSIVE;
				CLANG_CXX_LANGUAGE_STANDARD = "gnu++20";
				CLANG_ENABLE_MODULES = YES;
				CLANG_ENABLE_OBJC_ARC = YES;
				CLANG_ENABLE_OBJC_WEAK = YES;
				CLANG_WARN_BLOCK_CAPTURE_AUTORELEASING = YES;
				CLANG_WARN_BOOL_CONVERSION = YES;
				CLANG_WARN_COMMA = YES;
				CLANG_WARN_CONSTANT_CONVERSION = YES;
				CLANG_WARN_DEPRECATED_OBJC_IMPLEMENTATIONS = YES;
				CLANG_WARN_DIRECT_OBJC_ISA_USAGE = YES_ERROR;
				CLANG_WARN_DOCUMENTATION_COMMENTS = YES;
				CLANG_WARN_EMPTY_BODY = YES;
				CLANG_WARN_ENUM_CONVERSION = YES;
				CLANG_WARN_INFINITE_RECURSION = YES;
				CLANG_WARN_INT_CONVERSION = YES;
				CLANG_WARN_NON_LITERAL_NULL_CONVERSION = YES;
				CLANG_WARN_OBJC_IMPLICIT_RETAIN_SELF = YES;
				CLANG_WARN_OBJC_LITERAL_CONVERSION = YES;
				CLANG_WARN_OBJC_ROOT_CLASS = YES_ERROR;
				CLANG_WARN_QUOTED_INCLUDE_IN_FRAMEWORK_HEADER = YES;
				CLANG_WARN_RANGE_LOOP_ANALYSIS = YES;
				CLANG_WARN_STRICT_PROTOTYPES = YES;
				CLANG_WARN_SUSPICIOUS_MOVE = YES;
				CLANG_WARN_UNGUARDED_AVAILABILITY = YES_AGGRESSIVE;
				CLANG_WARN_UNREACHABLE_CODE = YES;
				CLANG_WARN__DUPLICATE_METHOD_MATCH = YES;
				COPY_PHASE_STRIP = NO;
				DEBUG_INFORMATION_FORMAT = dwarf;
				ENABLE_STRICT_OBJC_MSGSEND = YES;
				ENABLE_TESTABILITY = YES;
				ENABLE_USER_SCRIPT_SANDBOXING = YES;
				GCC_C_LANGUAGE_STANDARD = gnu17;
				GCC_DYNAMIC_NO_PIC = NO;
				GCC_NO_COMMON_BLOCKS = YES;
				GCC_OPTIMIZATION_LEVEL = 0;
				GCC_PREPROCESSOR_DEFINITIONS = (
					"DEBUG=1",
					"$(inherited)",
				);
				GCC_WARN_64_TO_32_BIT_CONVERSION = YES;
				GCC_WARN_ABOUT_RETURN_TYPE = YES_ERROR;
				GCC_WARN_UNDECLARED_SELECTOR = YES;
				GCC_WARN_UNINITIALIZED_AUTOS = YES_AGGRESSIVE;
				GCC_WARN_UNUSED_FUNCTION = YES;
				GCC_WARN_UNUSED_VARIABLE = YES;
				IPHONEOS_DEPLOYMENT_TARGET = 17.2;
				LOCALIZATION_PREFERS_STRING_CATALOGS = YES;
				MTL_ENABLE_DEBUG_INFO = INCLUDE_SOURCE;
				MTL_FAST_MATH = YES;
				ONLY_ACTIVE_ARCH = YES;
				SDKROOT = iphoneos;
				SWIFT_ACTIVE_COMPILATION_CONDITIONS = "DEBUG $(inherited)";
				SWIFT_OPTIMIZATION_LEVEL = "-Onone";
			};
			name = Debug;
		};
		4D19EB1E2B8E35690024B532 /* Release */ = {
			isa = XCBuildConfiguration;
			buildSettings = {
				ALWAYS_SEARCH_USER_PATHS = NO;
				ASSETCATALOG_COMPILER_GENERATE_SWIFT_ASSET_SYMBOL_EXTENSIONS = YES;
				CLANG_ANALYZER_NONNULL = YES;
				CLANG_ANALYZER_NUMBER_OBJECT_CONVERSION = YES_AGGRESSIVE;
				CLANG_CXX_LANGUAGE_STANDARD = "gnu++20";
				CLANG_ENABLE_MODULES = YES;
				CLANG_ENABLE_OBJC_ARC = YES;
				CLANG_ENABLE_OBJC_WEAK = YES;
				CLANG_WARN_BLOCK_CAPTURE_AUTORELEASING = YES;
				CLANG_WARN_BOOL_CONVERSION = YES;
				CLANG_WARN_COMMA = YES;
				CLANG_WARN_CONSTANT_CONVERSION = YES;
				CLANG_WARN_DEPRECATED_OBJC_IMPLEMENTATIONS = YES;
				CLANG_WARN_DIRECT_OBJC_ISA_USAGE = YES_ERROR;
				CLANG_WARN_DOCUMENTATION_COMMENTS = YES;
				CLANG_WARN_EMPTY_BODY = YES;
				CLANG_WARN_ENUM_CONVERSION = YES;
				CLANG_WARN_INFINITE_RECURSION = YES;
				CLANG_WARN_INT_CONVERSION = YES;
				CLANG_WARN_NON_LITERAL_NULL_CONVERSION = YES;
				CLANG_WARN_OBJC_IMPLICIT_RETAIN_SELF = YES;
				CLANG_WARN_OBJC_LITERAL_CONVERSION = YES;
				CLANG_WARN_OBJC_ROOT_CLASS = YES_ERROR;
				CLANG_WARN_QUOTED_INCLUDE_IN_FRAMEWORK_HEADER = YES;
				CLANG_WARN_RANGE_LOOP_ANALYSIS = YES;
				CLANG_WARN_STRICT_PROTOTYPES = YES;
				CLANG_WARN_SUSPICIOUS_MOVE = YES;
				CLANG_WARN_UNGUARDED_AVAILABILITY = YES_AGGRESSIVE;
				CLANG_WARN_UNREACHABLE_CODE = YES;
				CLANG_WARN__DUPLICATE_METHOD_MATCH = YES;
				COPY_PHASE_STRIP = NO;
				DEBUG_INFORMATION_FORMAT = "dwarf-with-dsym";
				ENABLE_NS_ASSERTIONS = NO;
				ENABLE_STRICT_OBJC_MSGSEND = YES;
				ENABLE_USER_SCRIPT_SANDBOXING = YES;
				GCC_C_LANGUAGE_STANDARD = gnu17;
				GCC_NO_COMMON_BLOCKS = YES;
				GCC_WARN_64_TO_32_BIT_CONVERSION = YES;
				GCC_WARN_ABOUT_RETURN_TYPE = YES_ERROR;
				GCC_WARN_UNDECLARED_SELECTOR = YES;
				GCC_WARN_UNINITIALIZED_AUTOS = YES_AGGRESSIVE;
				GCC_WARN_UNUSED_FUNCTION = YES;
				GCC_WARN_UNUSED_VARIABLE = YES;
				IPHONEOS_DEPLOYMENT_TARGET = 17.2;
				LOCALIZATION_PREFERS_STRING_CATALOGS = YES;
				MTL_ENABLE_DEBUG_INFO = NO;
				MTL_FAST_MATH = YES;
				SDKROOT = iphoneos;
				SWIFT_COMPILATION_MODE = wholemodule;
				VALIDATE_PRODUCT = YES;
			};
			name = Release;
		};
		4D19EB202B8E35690024B532 /* Debug */ = {
			isa = XCBuildConfiguration;
			buildSettings = {
				ASSETCATALOG_COMPILER_APPICON_NAME = AppIcon;
				ASSETCATALOG_COMPILER_GLOBAL_ACCENT_COLOR_NAME = AccentColor;
				CODE_SIGN_STYLE = Automatic;
				CURRENT_PROJECT_VERSION = 1;
				DEVELOPMENT_ASSET_PATHS = "\"Emoji Art/Preview Content\"";
				DEVELOPMENT_TEAM = R8PZKRLNDR;
				ENABLE_PREVIEWS = YES;
				GENERATE_INFOPLIST_FILE = YES;
				INFOPLIST_KEY_UIApplicationSceneManifest_Generation = YES;
				INFOPLIST_KEY_UIApplicationSupportsIndirectInputEvents = YES;
				INFOPLIST_KEY_UILaunchScreen_Generation = YES;
				INFOPLIST_KEY_UISupportedInterfaceOrientations_iPad = "UIInterfaceOrientationPortrait UIInterfaceOrientationPortraitUpsideDown UIInterfaceOrientationLandscapeLeft UIInterfaceOrientationLandscapeRight";
				INFOPLIST_KEY_UISupportedInterfaceOrientations_iPhone = "UIInterfaceOrientationPortrait UIInterfaceOrientationLandscapeLeft UIInterfaceOrientationLandscapeRight";
				LD_RUNPATH_SEARCH_PATHS = (
					"$(inherited)",
					"@executable_path/Frameworks",
				);
				MARKETING_VERSION = 1.0;
				PRODUCT_BUNDLE_IDENTIFIER = "com.katya.Emoji-Art";
				PRODUCT_NAME = "$(TARGET_NAME)";
				SWIFT_EMIT_LOC_STRINGS = YES;
				SWIFT_VERSION = 5.0;
				TARGETED_DEVICE_FAMILY = "1,2";
			};
			name = Debug;
		};
		4D19EB212B8E35690024B532 /* Release */ = {
			isa = XCBuildConfiguration;
			buildSettings = {
				ASSETCATALOG_COMPILER_APPICON_NAME = AppIcon;
				ASSETCATALOG_COMPILER_GLOBAL_ACCENT_COLOR_NAME = AccentColor;
				CODE_SIGN_STYLE = Automatic;
				CURRENT_PROJECT_VERSION = 1;
				DEVELOPMENT_ASSET_PATHS = "\"Emoji Art/Preview Content\"";
				DEVELOPMENT_TEAM = R8PZKRLNDR;
				ENABLE_PREVIEWS = YES;
				GENERATE_INFOPLIST_FILE = YES;
				INFOPLIST_KEY_UIApplicationSceneManifest_Generation = YES;
				INFOPLIST_KEY_UIApplicationSupportsIndirectInputEvents = YES;
				INFOPLIST_KEY_UILaunchScreen_Generation = YES;
				INFOPLIST_KEY_UISupportedInterfaceOrientations_iPad = "UIInterfaceOrientationPortrait UIInterfaceOrientationPortraitUpsideDown UIInterfaceOrientationLandscapeLeft UIInterfaceOrientationLandscapeRight";
				INFOPLIST_KEY_UISupportedInterfaceOrientations_iPhone = "UIInterfaceOrientationPortrait UIInterfaceOrientationLandscapeLeft UIInterfaceOrientationLandscapeRight";
				LD_RUNPATH_SEARCH_PATHS = (
					"$(inherited)",
					"@executable_path/Frameworks",
				);
				MARKETING_VERSION = 1.0;
				PRODUCT_BUNDLE_IDENTIFIER = "com.katya.Emoji-Art";
				PRODUCT_NAME = "$(TARGET_NAME)";
				SWIFT_EMIT_LOC_STRINGS = YES;
				SWIFT_VERSION = 5.0;
				TARGETED_DEVICE_FAMILY = "1,2";
			};
			name = Release;
		};
/* End XCBuildConfiguration section */

/* Begin XCConfigurationList section */
		4D19EB0C2B8E35660024B532 /* Build configuration list for PBXProject "Emoji Art" */ = {
			isa = XCConfigurationList;
			buildConfigurations = (
				4D19EB1D2B8E35690024B532 /* Debug */,
				4D19EB1E2B8E35690024B532 /* Release */,
			);
			defaultConfigurationIsVisible = 0;
			defaultConfigurationName = Release;
		};
		4D19EB1F2B8E35690024B532 /* Build configuration list for PBXNativeTarget "Emoji Art" */ = {
			isa = XCConfigurationList;
			buildConfigurations = (
				4D19EB202B8E35690024B532 /* Debug */,
				4D19EB212B8E35690024B532 /* Release */,
			);
			defaultConfigurationIsVisible = 0;
			defaultConfigurationName = Release;
		};
/* End XCConfigurationList section */
	};
	rootObject = 4D19EB092B8E35660024B532 /* Project object */;
}
